
Microsoft Visual Studio Solution File, Format Version 12.00
# Visual Studio 15
VisualStudioVersion = 15.0.26228.10
MinimumVisualStudioVersion = 10.0.40219.1
Project("{FAE04EC0-301F-11D3-BF4B-00C04F79EFBC}") = "ControlardorDePedidos.WPF", "ControlardorDePedidos.WPF\ControlardorDePedidos.WPF.csproj", "{9FDB11B5-6C58-4FCC-95FF-EDED2B43CC88}"
EndProject
Project("{FAE04EC0-301F-11D3-BF4B-00C04F79EFBC}") = "ControladorDePedidos.Model", "ControladorDePedidos.Model\ControladorDePedidos.Model.csproj", "{ED1C8EB9-C2D8-44BC-9E1D-A319C2B43D39}"
EndProject
Project("{FAE04EC0-301F-11D3-BF4B-00C04F79EFBC}") = "ControladorDePedidos.Repositorio", "ControlardorDePedidos.Repositorio\ControladorDePedidos.Repositorio.csproj", "{BFDE6671-5BE3-4E55-90E7-8FCA1C8A13D7}"
EndProject
Global
	GlobalSection(SolutionConfigurationPlatforms) = preSolution
		Debug|Any CPU = Debug|Any CPU
		Release|Any CPU = Release|Any CPU
	EndGlobalSection
	GlobalSection(ProjectConfigurationPlatforms) = postSolution
		{9FDB11B5-6C58-4FCC-95FF-EDED2B43CC88}.Debug|Any CPU.ActiveCfg = Debug|Any CPU
		{9FDB11B5-6C58-4FCC-95FF-EDED2B43CC88}.Debug|Any CPU.Build.0 = Debug|Any CPU
		{9FDB11B5-6C58-4FCC-95FF-EDED2B43CC88}.Release|Any CPU.ActiveCfg = Release|Any CPU
		{9FDB11B5-6C58-4FCC-95FF-EDED2B43CC88}.Release|Any CPU.Build.0 = Release|Any CPU
		{ED1C8EB9-C2D8-44BC-9E1D-A319C2B43D39}.Debug|Any CPU.ActiveCfg = Debug|Any CPU
		{ED1C8EB9-C2D8-44BC-9E1D-A319C2B43D39}.Debug|Any CPU.Build.0 = Debug|Any CPU
		{ED1C8EB9-C2D8-44BC-9E1D-A319C2B43D39}.Release|Any CPU.ActiveCfg = Release|Any CPU
		{ED1C8EB9-C2D8-44BC-9E1D-A319C2B43D39}.Release|Any CPU.Build.0 = Release|Any CPU
		{BFDE6671-5BE3-4E55-90E7-8FCA1C8A13D7}.Debug|Any CPU.ActiveCfg = Debug|Any CPU
		{BFDE6671-5BE3-4E55-90E7-8FCA1C8A13D7}.Debug|Any CPU.Build.0 = Debug|Any CPU
		{BFDE6671-5BE3-4E55-90E7-8FCA1C8A13D7}.Release|Any CPU.ActiveCfg = Release|Any CPU
		{BFDE6671-5BE3-4E55-90E7-8FCA1C8A13D7}.Release|Any CPU.Build.0 = Release|Any CPU
	EndGlobalSection
	GlobalSection(SolutionProperties) = preSolution
		HideSolutionNode = FALSE
	EndGlobalSection
EndGlobal
